{
  "object": {
    "pins": [
      {
        "package": "Alamofire",
        "repositoryURL": "https://github.com/Alamofire/Alamofire.git",
        "state": {
          "branch": null,
          "revision": "d120af1e8638c7da36c8481fd61a66c0c08dc4fc",
          "version": "5.4.4"
        }
      },
      {
        "package": "Kingfisher",
        "repositoryURL": "https://github.com/onevcat/Kingfisher.git",
        "state": {
          "branch": null,
          "revision": "8c65ddf756c633d01d9ae01092bf72f0c66dfc60",
          "version": "7.0.0"
        }
      },
      {
        "package": "Moya",
        "repositoryURL": "https://github.com/Moya/Moya.git",
        "state": {
          "branch": null,
          "revision": "9b906860e3c3c09032879465c471e6375829593f",
          "version": "15.0.0"
        }
      },
      {
        "package": "ReactiveSwift",
        "repositoryURL": "https://github.com/ReactiveCocoa/ReactiveSwift.git",
        "state": {
          "branch": null,
          "revision": "c43bae3dac73fdd3cb906bd5a1914686ca71ed3c",
          "version": "6.7.0"
        }
      },
      {
        "package": "Realm",
        "repositoryURL": "https://github.com/realm/realm-cocoa.git",
        "state": {
          "branch": "master",
          "revision": "93ae56fc6c55a3872a63b264cfa05966c3f5daee",
          "version": null
        }
      },
      {
        "package": "RealmDatabase",
        "repositoryURL": "https://github.com/realm/realm-core",
        "state": {
          "branch": null,
          "revision": "23f60515a00f076a9e3f2dc672fe1ae07601ee90",
          "version": "11.4.1"
        }
      },
      {
        "package": "RxSwift",
        "repositoryURL": "https://github.com/ReactiveX/RxSwift.git",
        "state": {
          "branch": null,
          "revision": "7c17a6ccca06b5c107cfa4284e634562ddaf5951",
          "version": "6.2.0"
        }
      },
      {
        "package": "SnapKit",
        "repositoryURL": "https://github.com/SnapKit/SnapKit.git",
        "state": {
          "branch": null,
          "revision": "d458564516e5676af9c70b4f4b2a9178294f1bc6",
          "version": "5.0.1"
        }
      }
    ]
  },
  "version": 1
}
